# @generated by Move, please check-in and do not edit manually.

[move]
version = 3
manifest_digest = "ADB961474DCF2FBCDA7C06A782C83C9B103FD97F8B6D0419A0AB40C22A5CA4F1"
deps_digest = "F8BBB0CCB2491CA29A3DF03D6F92277A4F3574266507ACD77214D37ECA3F3082"
dependencies = [
  { id = "Sui", name = "Sui" },
]

[[move.package]]
id = "MoveStdlib"
source = { git = "https://github.com/MystenLabs/sui.git", rev = "framework/testnet", subdir = "crates/sui-framework/packages/move-stdlib" }

[[move.package]]
id = "Sui"
source = { git = "https://github.com/MystenLabs/sui.git", rev = "framework/testnet", subdir = "crates/sui-framework/packages/sui-framework" }

dependencies = [
  { id = "MoveStdlib", name = "MoveStdlib" },
]

[move.toolchain-version]
compiler-version = "1.38.3"
edition = "2024.beta"
flavor = "sui"

[env]

[env.devnet]
chain-id = "2fe1c174"
original-published-id = "0x965d2eeee02d943f19368fdc6add89b7bfcd0ddb14a4dd7a2ad7194238755448"
latest-published-id = "0x965d2eeee02d943f19368fdc6add89b7bfcd0ddb14a4dd7a2ad7194238755448"
published-version = "1"

[env.testnet]
chain-id = "4c78adac"
original-published-id = "0x0310caf8ec0636bdc2882ee9bec0b0a1f8bbe3352558379b7753e43082da532a"
latest-published-id = "0xf59b5b8a062627ce7cf19c5a1e0de638d48f737ecaf6ad8a71a52bee3ba3e24b"
published-version = "3"

[env.mainnet]
chain-id = "35834a8a"
original-published-id = "0xd9fc80a30c89489764bc07f557dc17162a477d34a9b44e65aae48af8ead006e7"
latest-published-id = "0xf81b0ecbb102682888971828b4cab3512aca54d1623e8586d0376547e4c9c66c"
published-version = "8"
