# @generated by Move, please check-in and do not edit manually.

[move]
version = 2
manifest_digest = "DA7A6409E80EB002B0DB02F23A3F98AB7C28C551DDA72D08F207BC4BA43F2E1C"
deps_digest = "F8BBB0CCB2491CA29A3DF03D6F92277A4F3574266507ACD77214D37ECA3F3082"
dependencies = [
  { name = "Sui" },
]

[[move.package]]
name = "MoveStdlib"
source = { git = "https://github.com/MystenLabs/sui.git", rev = "framework/testnet", subdir = "crates/sui-framework/packages/move-stdlib" }

[[move.package]]
name = "Sui"
source = { git = "https://github.com/MystenLabs/sui.git", rev = "framework/testnet", subdir = "crates/sui-framework/packages/sui-framework" }

dependencies = [
  { name = "MoveStdlib" },
]

[move.toolchain-version]
compiler-version = "1.31.1"
edition = "2024.beta"
flavor = "sui"

[env]

[env.devnet]
chain-id = "2fe1c174"
original-published-id = "0x965d2eeee02d943f19368fdc6add89b7bfcd0ddb14a4dd7a2ad7194238755448"
latest-published-id = "0x965d2eeee02d943f19368fdc6add89b7bfcd0ddb14a4dd7a2ad7194238755448"
published-version = "1"

[env.testnet]
chain-id = "4c78adac"
original-published-id = "0x6602fc2d11143f63254c851694f614ca5d6f066dc45c4f015f25fa7bcb5df81a"
latest-published-id = "0x6602fc2d11143f63254c851694f614ca5d6f066dc45c4f015f25fa7bcb5df81a"
published-version = "1"
