# @generated by Move, please check-in and do not edit manually.

[move]
version = 2
manifest_digest = "08B369A3D01B34C4D7B2255F623100C68E276DCBEBA853AC1D5097142AF383A7"
deps_digest = "F8BBB0CCB2491CA29A3DF03D6F92277A4F3574266507ACD77214D37ECA3F3082"
dependencies = [
  { name = "Sui" },
]

[[move.package]]
name = "MoveStdlib"
source = { git = "https://github.com/MystenLabs/sui.git", rev = "framework/testnet", subdir = "crates/sui-framework/packages/move-stdlib" }

[[move.package]]
name = "Sui"
source = { git = "https://github.com/MystenLabs/sui.git", rev = "framework/testnet", subdir = "crates/sui-framework/packages/sui-framework" }

dependencies = [
  { name = "MoveStdlib" },
]

[move.toolchain-version]
compiler-version = "1.31.1"
edition = "2024.beta"
flavor = "sui"

[env]

[env.devnet]
chain-id = "814c79df"
original-published-id = "0x4c4db8d158750a0d588a95ada9c2a01ecec3883430cf8ff4f858808005cb2b74"
latest-published-id = "0x4c4db8d158750a0d588a95ada9c2a01ecec3883430cf8ff4f858808005cb2b74"
published-version = "1"

[env.testnet]
chain-id = "4c78adac"
original-published-id = "0xad85e272ff312c52cd26688d26dff413ebb464f239baa84b21cf697fd4645f76"
latest-published-id = "0xad85e272ff312c52cd26688d26dff413ebb464f239baa84b21cf697fd4645f76"
published-version = "1"
